# This file was autogenerated by uv via the following command:
#    uv pip compile --universal -p 3.12 apps/workers/pyproject.toml --extra dev -o apps/workers/requirements-dev.lock
colorama==0.4.6 ; sys_platform == 'win32'
    # via pytest
iniconfig==2.3.0
    # via pytest
packaging==26.2
    # via pytest
pluggy==1.6.0
    # via pytest
psycopg==3.3.4
    # via flood-risk-workers (apps/workers/pyproject.toml)
psycopg-binary==3.3.4 ; implementation_name != 'pypy'
    # via psycopg
pygments==2.20.0
    # via pytest
pytest==9.1.1
    # via flood-risk-workers (apps/workers/pyproject.toml)
pyyaml==6.0.3
    # via flood-risk-workers (apps/workers/pyproject.toml)
ruff==0.15.20
    # via flood-risk-workers (apps/workers/pyproject.toml)
typing-extensions==4.16.0 ; python_full_version < '3.13'
    # via psycopg
tzdata==2026.2 ; sys_platform == 'win32'
    # via psycopg
