# This file was autogenerated by uv via the following command:
#    uv pip compile --universal -p 3.12 apps/workers/pyproject.toml -o apps/workers/requirements.lock
psycopg==3.3.4
    # via flood-risk-workers (apps/workers/pyproject.toml)
psycopg-binary==3.3.4 ; implementation_name != 'pypy'
    # via psycopg
pyyaml==6.0.3
    # via flood-risk-workers (apps/workers/pyproject.toml)
typing-extensions==4.16.0 ; python_full_version < '3.13'
    # via psycopg
tzdata==2026.2 ; sys_platform == 'win32'
    # via psycopg
